
Microsoft Visual Studio Solution File, Format Version 12.00
# Visual Studio Version 17
VisualStudioVersion = 17.1.32407.343
MinimumVisualStudioVersion = 10.0.40219.1
Project("{FAE04EC0-301F-11D3-BF4B-00C04F79EFBC}") = "Delegate_Task", "Delegate_Task\Delegate_Task.csproj", "{C4E36315-FF52-447D-BE1C-D0C15475BE57}"
EndProject
Global
	GlobalSection(SolutionConfigurationPlatforms) = preSolution
		Debug|Any CPU = Debug|Any CPU
		Release|Any CPU = Release|Any CPU
	EndGlobalSection
	GlobalSection(ProjectConfigurationPlatforms) = postSolution
		{C4E36315-FF52-447D-BE1C-D0C15475BE57}.Debug|Any CPU.ActiveCfg = Debug|Any CPU
		{C4E36315-FF52-447D-BE1C-D0C15475BE57}.Debug|Any CPU.Build.0 = Debug|Any CPU
		{C4E36315-FF52-447D-BE1C-D0C15475BE57}.Release|Any CPU.ActiveCfg = Release|Any CPU
		{C4E36315-FF52-447D-BE1C-D0C15475BE57}.Release|Any CPU.Build.0 = Release|Any CPU
	EndGlobalSection
	GlobalSection(SolutionProperties) = preSolution
		HideSolutionNode = FALSE
	EndGlobalSection
	GlobalSection(ExtensibilityGlobals) = postSolution
		SolutionGuid = {9E274AF3-9473-4E36-A031-F1DE19D396D4}
	EndGlobalSection
EndGlobal
